github.com/nickwells/check.mod v1.6.11 h1:P3PeDAixvA4htSBqvavcLNyGLDqvJhjbYS/u1pBusnY=
github.com/nickwells/check.mod v1.6.11/go.mod h1:JbIU1ufIWN6hdqMDurUxXNv4SbvnfOPW9jbIIQgEhSM=
github.com/nickwells/cli.mod v1.0.14 h1:USH0YY4vw6/JBAW01dIdIWLN9r3iBWjytwV6yE0THjU=
github.com/nickwells/cli.mod v1.0.14/go.mod h1:o6J5zGW9ekRc5/DK6EyV0yANR1qjakGsPV7TWhlLXzQ=
github.com/nickwells/dbtcommon.mod/v2 v2.0.12 h1:J7k0wmdwbIMRgAebSEOOskUA7Wft364oYbPv38IrTRg=
github.com/nickwells/dbtcommon.mod/v2 v2.0.12/go.mod h1:B8FQq1y55fazmyXml9sa01dAKZvpzeSXUDZvpV87FV4=
github.com/nickwells/filecheck.mod v1.1.7 h1:O+VqEOBpjaOjjQ0eQveZSqfMQQARcMd20aLa+ugkBL4=
github.com/nickwells/filecheck.mod v1.1.7/go.mod h1:1VCTmvvq23v3PUic/1yvf03bARfeb2AXtSN7uTQ1+AM=
github.com/nickwells/fileparse.mod v1.1.17 h1:3nrocVXd9GMPjIq52jZQk3fITT+iLlL6l6pOEX4USqU=
github.com/nickwells/fileparse.mod v1.1.17/go.mod h1:601QcqseuaqTftwOq62ecBHEANhQD7mVgfcDQ/adpak=
github.com/nickwells/location.mod v1.2.14 h1:2PhqaXSw1VUfbMkOUmBgpzdDlqfxuQIyYNXu/445YHg=
github.com/nickwells/location.mod v1.2.14/go.mod h1:QRxuYxX2f/7xrRr2SSu7a4WBPAw7gLvXt7XI37us2yQ=
github.com/nickwells/macros.mod v1.0.12 h1:gruQag1tFNnXLg+y38aWBx1O0u2827HxZ7kotWBH5gs=
github.com/nickwells/macros.mod v1.0.12/go.mod h1:e46S2DiE+GA2i+6R+ZDRZfRPRcmrvYFznZS7dskdAqE=
github.com/nickwells/mathutil.mod v1.0.15 h1:nqK8bfAi3tCAVKiLuZblTpGQkOOJHX028FPNA0u84Sc=
github.com/nickwells/mathutil.mod v1.0.15/go.mod h1:sim8tWSPTJB3YOtzMSwBWaiQYOHJ9t/gRLIZB2IhUMs=
github.com/nickwells/param.mod/v5 v5.2.3 h1:ou4qap0uh+tSDEuw9ZmYDjSaD/hrzEJB+JpN5n6lFjM=
github.com/nickwells/param.mod/v5 v5.2.3/go.mod h1:Dcio86FIc3r7xvr8GhASoGd51Ypfo/F23y8pTQ+E5MU=
github.com/nickwells/strdist.mod v1.0.19 h1:AMII8VZRWhj2qJHFY1y8+i7SP8P+6+242G3BaXo1xvY=
github.com/nickwells/strdist.mod v1.0.19/go.mod h1:FIxfwln29Pr3HFIENOzgPh8e+1+i5IAfN4qOtGzxphg=
github.com/nickwells/testhelper.mod v1.12.1 h1:PqgnUVCFiuYxSwRs7grmxRethIp5/FDKZrllWscSKJs=
github.com/nickwells/testhelper.mod v1.12.1/go.mod h1:Ct/U2PjL0n9hGc+US6uR/s4NxSRI33NM+0ZkrDkG0XI=
github.com/nickwells/twrap.mod v1.4.8 h1:3Z5W9uuFMqy/G4fSLodeS3HrOtka+jkkkkaRLaO6BCw=
github.com/nickwells/twrap.mod v1.4.8/go.mod h1:c0gQLgPw93L8/0mnn5NjYE009+V1uYLEUq9t2aRpCOA=
github.com/nickwells/verbose.mod v1.0.17 h1:VN6hTwB1HEOp1dgJKbq6hPOApmGJB/yM9LerRb3TZzk=
github.com/nickwells/verbose.mod v1.0.17/go.mod h1:RsdxR7bo1XnpDubDTZrlfx4eWOa52gvyEeMjflO1vqc=
github.com/nickwells/xdg.mod v1.0.5 h1:BkCim2ft//W1dlmh96z39YpIL4dJE7UQ1dDcMHtnfdU=
github.com/nickwells/xdg.mod v1.0.5/go.mod h1:h8lRJMpY6oXdD6E3jJuolpO9QJE5FcTvUe8eyRzgyQo=
golang.org/x/sys v0.0.0-20201119102817-f84b799fce68/go.mod h1:h1NjWce9XRLGQEsW7wpKNCjG9DtNlClVuFLEZdDNbEs=
golang.org/x/sys v0.0.0-20201202213521-69691e467435 h1:25AvDqqB9PrNqj1FLf2/70I4W0L19qqoaFq3gjNwbKk=
golang.org/x/sys v0.0.0-20201202213521-69691e467435/go.mod h1:h1NjWce9XRLGQEsW7wpKNCjG9DtNlClVuFLEZdDNbEs=
golang.org/x/term v0.0.0-20201126162022-7de9c90e9dd1 h1:v+OssWQX+hTHEmOBgwxdZxK4zHq3yOs8F9J7mk0PY8E=
golang.org/x/term v0.0.0-20201126162022-7de9c90e9dd1/go.mod h1:bj7SfCRtBDWHUb9snDiAeCFNEtKQo2Wmx5Cou7ajbmo=
